
Microsoft Visual Studio Solution File, Format Version 12.00
# Visual Studio 15
VisualStudioVersion = 15.0.26430.16
MinimumVisualStudioVersion = 10.0.40219.1
Project("{FAE04EC0-301F-11D3-BF4B-00C04F79EFBC}") = "marlabskiranam", "marlabskiranam\marlabskiranam.csproj", "{B456602C-BB5E-40CA-9990-710B9E08E796}"
EndProject
Project("{FAE04EC0-301F-11D3-BF4B-00C04F79EFBC}") = "mvcproject1", "..\..\..\..\Documents\Visual Studio 2017\Projects\mvcproject1\mvcproject1\mvcproject1.csproj", "{A91374A4-54AB-49B0-94CC-504D225CFA33}"
EndProject
Global
	GlobalSection(SolutionConfigurationPlatforms) = preSolution
		Debug|Any CPU = Debug|Any CPU
		Release|Any CPU = Release|Any CPU
	EndGlobalSection
	GlobalSection(ProjectConfigurationPlatforms) = postSolution
		{B456602C-BB5E-40CA-9990-710B9E08E796}.Debug|Any CPU.ActiveCfg = Debug|Any CPU
		{B456602C-BB5E-40CA-9990-710B9E08E796}.Debug|Any CPU.Build.0 = Debug|Any CPU
		{B456602C-BB5E-40CA-9990-710B9E08E796}.Release|Any CPU.ActiveCfg = Release|Any CPU
		{B456602C-BB5E-40CA-9990-710B9E08E796}.Release|Any CPU.Build.0 = Release|Any CPU
		{A91374A4-54AB-49B0-94CC-504D225CFA33}.Debug|Any CPU.ActiveCfg = Debug|Any CPU
		{A91374A4-54AB-49B0-94CC-504D225CFA33}.Debug|Any CPU.Build.0 = Debug|Any CPU
		{A91374A4-54AB-49B0-94CC-504D225CFA33}.Release|Any CPU.ActiveCfg = Release|Any CPU
		{A91374A4-54AB-49B0-94CC-504D225CFA33}.Release|Any CPU.Build.0 = Release|Any CPU
	EndGlobalSection
	GlobalSection(SolutionProperties) = preSolution
		HideSolutionNode = FALSE
	EndGlobalSection
EndGlobal
